
Microsoft Visual Studio Solution File, Format Version 12.00
# Visual Studio 15
VisualStudioVersion = 15.0.28307.960
MinimumVisualStudioVersion = 10.0.40219.1
Project("{2150E333-8FDC-42A3-9474-1A3956D46DE8}") = "03 src", "03 src", "{8B6706D5-24F7-4400-9E32-4EF9717A7802}"
EndProject
Project("{2150E333-8FDC-42A3-9474-1A3956D46DE8}") = "01 Solution Items", "01 Solution Items", "{7434D7EF-ADF7-4605-8ACA-795C12E2445E}"
	ProjectSection(SolutionItems) = preProject
		.gitattributes = .gitattributes
		.gitignore = .gitignore
		LICENSE = LICENSE
		README.md = README.md
	EndProjectSection
EndProject
Project("{2150E333-8FDC-42A3-9474-1A3956D46DE8}") = "02 docs", "02 docs", "{A3642F79-A9B2-4A45-9355-2FBD11F881B5}"
EndProject
Project("{2150E333-8FDC-42A3-9474-1A3956D46DE8}") = "architecture", "architecture", "{680439E5-D113-42E9-9A84-647CB851FC96}"
	ProjectSection(SolutionItems) = preProject
		docs\architecture\C4 Component Diagram.drawio = docs\architecture\C4 Component Diagram.drawio
		docs\architecture\ProjectDependencyGraph.argr = docs\architecture\ProjectDependencyGraph.argr
	EndProjectSection
EndProject
Project("{2150E333-8FDC-42A3-9474-1A3956D46DE8}") = "Lambda", "Lambda", "{CA5E984A-4AFF-48B8-A8D4-DD251F42C3FD}"
EndProject
Project("{2150E333-8FDC-42A3-9474-1A3956D46DE8}") = "Core", "Core", "{BC213102-22F5-43EF-837A-FB77C2F0FBE9}"
EndProject
Project("{2150E333-8FDC-42A3-9474-1A3956D46DE8}") = "04 tests", "04 tests", "{15E2A553-C563-43AD-A22A-EED5A16E51D8}"
EndProject
Project("{2150E333-8FDC-42A3-9474-1A3956D46DE8}") = "Core", "Core", "{2B53A2BB-3CE9-499B-BE31-D22696440C05}"
EndProject
Project("{2150E333-8FDC-42A3-9474-1A3956D46DE8}") = "Lambda", "Lambda", "{1807919C-B8A7-42E8-8096-7FB704F386D1}"
EndProject
Project("{2150E333-8FDC-42A3-9474-1A3956D46DE8}") = "Application", "Application", "{271C7CA1-3484-47F1-8766-6642DAAC3F99}"
EndProject
Project("{FAE04EC0-301F-11D3-BF4B-00C04F79EFBC}") = "Habitude", "src\Habitude.Application\Habitude.csproj", "{19D1D8FD-4969-4388-BE1A-F9F947AE3538}"
EndProject
Project("{9A19103F-16F7-4668-BE54-9A1E7A4F7556}") = "Habitude.Framework", "src\Habitude.Framework\Habitude.Framework.csproj", "{867A2B4B-2D0A-4FBF-A170-452D02E23979}"
EndProject
Project("{9A19103F-16F7-4668-BE54-9A1E7A4F7556}") = "Habitude.Framework.Tests", "src\Habitude.Framework.Tests\Habitude.Framework.Tests.csproj", "{963D9410-B567-468B-8E77-59A80DF8A519}"
EndProject
Project("{9A19103F-16F7-4668-BE54-9A1E7A4F7556}") = "Habitude.DropImageEventHandler", "src\Habitude.DropImageEventHandler\Habitude.DropImageEventHandler.csproj", "{6ACF7521-3906-4499-AFD8-DCDF72350A93}"
EndProject
Project("{9A19103F-16F7-4668-BE54-9A1E7A4F7556}") = "Habitude.DropImageEventHandler.Tests", "src\Habitude.DropImageEventHandler.Tests\Habitude.DropImageEventHandler.Tests.csproj", "{C9F9A219-C0B5-4574-85F0-C71D08256B61}"
EndProject
Global
	GlobalSection(SolutionConfigurationPlatforms) = preSolution
		Debug|Any CPU = Debug|Any CPU
		Debug|ARM = Debug|ARM
		Debug|ARM64 = Debug|ARM64
		Debug|x64 = Debug|x64
		Debug|x86 = Debug|x86
		Release|Any CPU = Release|Any CPU
		Release|ARM = Release|ARM
		Release|ARM64 = Release|ARM64
		Release|x64 = Release|x64
		Release|x86 = Release|x86
	EndGlobalSection
	GlobalSection(ProjectConfigurationPlatforms) = postSolution
		{19D1D8FD-4969-4388-BE1A-F9F947AE3538}.Debug|Any CPU.ActiveCfg = Debug|x86
		{19D1D8FD-4969-4388-BE1A-F9F947AE3538}.Debug|ARM.ActiveCfg = Debug|ARM
		{19D1D8FD-4969-4388-BE1A-F9F947AE3538}.Debug|ARM.Build.0 = Debug|ARM
		{19D1D8FD-4969-4388-BE1A-F9F947AE3538}.Debug|ARM.Deploy.0 = Debug|ARM
		{19D1D8FD-4969-4388-BE1A-F9F947AE3538}.Debug|ARM64.ActiveCfg = Debug|ARM64
		{19D1D8FD-4969-4388-BE1A-F9F947AE3538}.Debug|ARM64.Build.0 = Debug|ARM64
		{19D1D8FD-4969-4388-BE1A-F9F947AE3538}.Debug|ARM64.Deploy.0 = Debug|ARM64
		{19D1D8FD-4969-4388-BE1A-F9F947AE3538}.Debug|x64.ActiveCfg = Debug|x64
		{19D1D8FD-4969-4388-BE1A-F9F947AE3538}.Debug|x64.Build.0 = Debug|x64
		{19D1D8FD-4969-4388-BE1A-F9F947AE3538}.Debug|x64.Deploy.0 = Debug|x64
		{19D1D8FD-4969-4388-BE1A-F9F947AE3538}.Debug|x86.ActiveCfg = Debug|x86
		{19D1D8FD-4969-4388-BE1A-F9F947AE3538}.Debug|x86.Build.0 = Debug|x86
		{19D1D8FD-4969-4388-BE1A-F9F947AE3538}.Debug|x86.Deploy.0 = Debug|x86
		{19D1D8FD-4969-4388-BE1A-F9F947AE3538}.Release|Any CPU.ActiveCfg = Release|x86
		{19D1D8FD-4969-4388-BE1A-F9F947AE3538}.Release|ARM.ActiveCfg = Release|ARM
		{19D1D8FD-4969-4388-BE1A-F9F947AE3538}.Release|ARM.Build.0 = Release|ARM
		{19D1D8FD-4969-4388-BE1A-F9F947AE3538}.Release|ARM.Deploy.0 = Release|ARM
		{19D1D8FD-4969-4388-BE1A-F9F947AE3538}.Release|ARM64.ActiveCfg = Release|ARM64
		{19D1D8FD-4969-4388-BE1A-F9F947AE3538}.Release|ARM64.Build.0 = Release|ARM64
		{19D1D8FD-4969-4388-BE1A-F9F947AE3538}.Release|ARM64.Deploy.0 = Release|ARM64
		{19D1D8FD-4969-4388-BE1A-F9F947AE3538}.Release|x64.ActiveCfg = Release|x64
		{19D1D8FD-4969-4388-BE1A-F9F947AE3538}.Release|x64.Build.0 = Release|x64
		{19D1D8FD-4969-4388-BE1A-F9F947AE3538}.Release|x64.Deploy.0 = Release|x64
		{19D1D8FD-4969-4388-BE1A-F9F947AE3538}.Release|x86.ActiveCfg = Release|x86
		{19D1D8FD-4969-4388-BE1A-F9F947AE3538}.Release|x86.Build.0 = Release|x86
		{19D1D8FD-4969-4388-BE1A-F9F947AE3538}.Release|x86.Deploy.0 = Release|x86
		{867A2B4B-2D0A-4FBF-A170-452D02E23979}.Debug|Any CPU.ActiveCfg = Debug|Any CPU
		{867A2B4B-2D0A-4FBF-A170-452D02E23979}.Debug|Any CPU.Build.0 = Debug|Any CPU
		{867A2B4B-2D0A-4FBF-A170-452D02E23979}.Debug|ARM.ActiveCfg = Debug|Any CPU
		{867A2B4B-2D0A-4FBF-A170-452D02E23979}.Debug|ARM.Build.0 = Debug|Any CPU
		{867A2B4B-2D0A-4FBF-A170-452D02E23979}.Debug|ARM64.ActiveCfg = Debug|Any CPU
		{867A2B4B-2D0A-4FBF-A170-452D02E23979}.Debug|ARM64.Build.0 = Debug|Any CPU
		{867A2B4B-2D0A-4FBF-A170-452D02E23979}.Debug|x64.ActiveCfg = Debug|Any CPU
		{867A2B4B-2D0A-4FBF-A170-452D02E23979}.Debug|x64.Build.0 = Debug|Any CPU
		{867A2B4B-2D0A-4FBF-A170-452D02E23979}.Debug|x86.ActiveCfg = Debug|Any CPU
		{867A2B4B-2D0A-4FBF-A170-452D02E23979}.Debug|x86.Build.0 = Debug|Any CPU
		{867A2B4B-2D0A-4FBF-A170-452D02E23979}.Release|Any CPU.ActiveCfg = Release|Any CPU
		{867A2B4B-2D0A-4FBF-A170-452D02E23979}.Release|Any CPU.Build.0 = Release|Any CPU
		{867A2B4B-2D0A-4FBF-A170-452D02E23979}.Release|ARM.ActiveCfg = Release|Any CPU
		{867A2B4B-2D0A-4FBF-A170-452D02E23979}.Release|ARM.Build.0 = Release|Any CPU
		{867A2B4B-2D0A-4FBF-A170-452D02E23979}.Release|ARM64.ActiveCfg = Release|Any CPU
		{867A2B4B-2D0A-4FBF-A170-452D02E23979}.Release|ARM64.Build.0 = Release|Any CPU
		{867A2B4B-2D0A-4FBF-A170-452D02E23979}.Release|x64.ActiveCfg = Release|Any CPU
		{867A2B4B-2D0A-4FBF-A170-452D02E23979}.Release|x64.Build.0 = Release|Any CPU
		{867A2B4B-2D0A-4FBF-A170-452D02E23979}.Release|x86.ActiveCfg = Release|Any CPU
		{867A2B4B-2D0A-4FBF-A170-452D02E23979}.Release|x86.Build.0 = Release|Any CPU
		{963D9410-B567-468B-8E77-59A80DF8A519}.Debug|Any CPU.ActiveCfg = Debug|Any CPU
		{963D9410-B567-468B-8E77-59A80DF8A519}.Debug|Any CPU.Build.0 = Debug|Any CPU
		{963D9410-B567-468B-8E77-59A80DF8A519}.Debug|ARM.ActiveCfg = Debug|Any CPU
		{963D9410-B567-468B-8E77-59A80DF8A519}.Debug|ARM.Build.0 = Debug|Any CPU
		{963D9410-B567-468B-8E77-59A80DF8A519}.Debug|ARM64.ActiveCfg = Debug|Any CPU
		{963D9410-B567-468B-8E77-59A80DF8A519}.Debug|ARM64.Build.0 = Debug|Any CPU
		{963D9410-B567-468B-8E77-59A80DF8A519}.Debug|x64.ActiveCfg = Debug|Any CPU
		{963D9410-B567-468B-8E77-59A80DF8A519}.Debug|x64.Build.0 = Debug|Any CPU
		{963D9410-B567-468B-8E77-59A80DF8A519}.Debug|x86.ActiveCfg = Debug|Any CPU
		{963D9410-B567-468B-8E77-59A80DF8A519}.Debug|x86.Build.0 = Debug|Any CPU
		{963D9410-B567-468B-8E77-59A80DF8A519}.Release|Any CPU.ActiveCfg = Release|Any CPU
		{963D9410-B567-468B-8E77-59A80DF8A519}.Release|Any CPU.Build.0 = Release|Any CPU
		{963D9410-B567-468B-8E77-59A80DF8A519}.Release|ARM.ActiveCfg = Release|Any CPU
		{963D9410-B567-468B-8E77-59A80DF8A519}.Release|ARM.Build.0 = Release|Any CPU
		{963D9410-B567-468B-8E77-59A80DF8A519}.Release|ARM64.ActiveCfg = Release|Any CPU
		{963D9410-B567-468B-8E77-59A80DF8A519}.Release|ARM64.Build.0 = Release|Any CPU
		{963D9410-B567-468B-8E77-59A80DF8A519}.Release|x64.ActiveCfg = Release|Any CPU
		{963D9410-B567-468B-8E77-59A80DF8A519}.Release|x64.Build.0 = Release|Any CPU
		{963D9410-B567-468B-8E77-59A80DF8A519}.Release|x86.ActiveCfg = Release|Any CPU
		{963D9410-B567-468B-8E77-59A80DF8A519}.Release|x86.Build.0 = Release|Any CPU
		{6ACF7521-3906-4499-AFD8-DCDF72350A93}.Debug|Any CPU.ActiveCfg = Debug|Any CPU
		{6ACF7521-3906-4499-AFD8-DCDF72350A93}.Debug|Any CPU.Build.0 = Debug|Any CPU
		{6ACF7521-3906-4499-AFD8-DCDF72350A93}.Debug|ARM.ActiveCfg = Debug|Any CPU
		{6ACF7521-3906-4499-AFD8-DCDF72350A93}.Debug|ARM.Build.0 = Debug|Any CPU
		{6ACF7521-3906-4499-AFD8-DCDF72350A93}.Debug|ARM64.ActiveCfg = Debug|Any CPU
		{6ACF7521-3906-4499-AFD8-DCDF72350A93}.Debug|ARM64.Build.0 = Debug|Any CPU
		{6ACF7521-3906-4499-AFD8-DCDF72350A93}.Debug|x64.ActiveCfg = Debug|Any CPU
		{6ACF7521-3906-4499-AFD8-DCDF72350A93}.Debug|x64.Build.0 = Debug|Any CPU
		{6ACF7521-3906-4499-AFD8-DCDF72350A93}.Debug|x86.ActiveCfg = Debug|Any CPU
		{6ACF7521-3906-4499-AFD8-DCDF72350A93}.Debug|x86.Build.0 = Debug|Any CPU
		{6ACF7521-3906-4499-AFD8-DCDF72350A93}.Release|Any CPU.ActiveCfg = Release|Any CPU
		{6ACF7521-3906-4499-AFD8-DCDF72350A93}.Release|Any CPU.Build.0 = Release|Any CPU
		{6ACF7521-3906-4499-AFD8-DCDF72350A93}.Release|ARM.ActiveCfg = Release|Any CPU
		{6ACF7521-3906-4499-AFD8-DCDF72350A93}.Release|ARM.Build.0 = Release|Any CPU
		{6ACF7521-3906-4499-AFD8-DCDF72350A93}.Release|ARM64.ActiveCfg = Release|Any CPU
		{6ACF7521-3906-4499-AFD8-DCDF72350A93}.Release|ARM64.Build.0 = Release|Any CPU
		{6ACF7521-3906-4499-AFD8-DCDF72350A93}.Release|x64.ActiveCfg = Release|Any CPU
		{6ACF7521-3906-4499-AFD8-DCDF72350A93}.Release|x64.Build.0 = Release|Any CPU
		{6ACF7521-3906-4499-AFD8-DCDF72350A93}.Release|x86.ActiveCfg = Release|Any CPU
		{6ACF7521-3906-4499-AFD8-DCDF72350A93}.Release|x86.Build.0 = Release|Any CPU
		{C9F9A219-C0B5-4574-85F0-C71D08256B61}.Debug|Any CPU.ActiveCfg = Debug|Any CPU
		{C9F9A219-C0B5-4574-85F0-C71D08256B61}.Debug|Any CPU.Build.0 = Debug|Any CPU
		{C9F9A219-C0B5-4574-85F0-C71D08256B61}.Debug|ARM.ActiveCfg = Debug|Any CPU
		{C9F9A219-C0B5-4574-85F0-C71D08256B61}.Debug|ARM.Build.0 = Debug|Any CPU
		{C9F9A219-C0B5-4574-85F0-C71D08256B61}.Debug|ARM64.ActiveCfg = Debug|Any CPU
		{C9F9A219-C0B5-4574-85F0-C71D08256B61}.Debug|ARM64.Build.0 = Debug|Any CPU
		{C9F9A219-C0B5-4574-85F0-C71D08256B61}.Debug|x64.ActiveCfg = Debug|Any CPU
		{C9F9A219-C0B5-4574-85F0-C71D08256B61}.Debug|x64.Build.0 = Debug|Any CPU
		{C9F9A219-C0B5-4574-85F0-C71D08256B61}.Debug|x86.ActiveCfg = Debug|Any CPU
		{C9F9A219-C0B5-4574-85F0-C71D08256B61}.Debug|x86.Build.0 = Debug|Any CPU
		{C9F9A219-C0B5-4574-85F0-C71D08256B61}.Release|Any CPU.ActiveCfg = Release|Any CPU
		{C9F9A219-C0B5-4574-85F0-C71D08256B61}.Release|Any CPU.Build.0 = Release|Any CPU
		{C9F9A219-C0B5-4574-85F0-C71D08256B61}.Release|ARM.ActiveCfg = Release|Any CPU
		{C9F9A219-C0B5-4574-85F0-C71D08256B61}.Release|ARM.Build.0 = Release|Any CPU
		{C9F9A219-C0B5-4574-85F0-C71D08256B61}.Release|ARM64.ActiveCfg = Release|Any CPU
		{C9F9A219-C0B5-4574-85F0-C71D08256B61}.Release|ARM64.Build.0 = Release|Any CPU
		{C9F9A219-C0B5-4574-85F0-C71D08256B61}.Release|x64.ActiveCfg = Release|Any CPU
		{C9F9A219-C0B5-4574-85F0-C71D08256B61}.Release|x64.Build.0 = Release|Any CPU
		{C9F9A219-C0B5-4574-85F0-C71D08256B61}.Release|x86.ActiveCfg = Release|Any CPU
		{C9F9A219-C0B5-4574-85F0-C71D08256B61}.Release|x86.Build.0 = Release|Any CPU
	EndGlobalSection
	GlobalSection(SolutionProperties) = preSolution
		HideSolutionNode = FALSE
	EndGlobalSection
	GlobalSection(NestedProjects) = preSolution
		{680439E5-D113-42E9-9A84-647CB851FC96} = {A3642F79-A9B2-4A45-9355-2FBD11F881B5}
		{CA5E984A-4AFF-48B8-A8D4-DD251F42C3FD} = {8B6706D5-24F7-4400-9E32-4EF9717A7802}
		{BC213102-22F5-43EF-837A-FB77C2F0FBE9} = {8B6706D5-24F7-4400-9E32-4EF9717A7802}
		{2B53A2BB-3CE9-499B-BE31-D22696440C05} = {15E2A553-C563-43AD-A22A-EED5A16E51D8}
		{1807919C-B8A7-42E8-8096-7FB704F386D1} = {15E2A553-C563-43AD-A22A-EED5A16E51D8}
		{271C7CA1-3484-47F1-8766-6642DAAC3F99} = {8B6706D5-24F7-4400-9E32-4EF9717A7802}
		{19D1D8FD-4969-4388-BE1A-F9F947AE3538} = {271C7CA1-3484-47F1-8766-6642DAAC3F99}
		{867A2B4B-2D0A-4FBF-A170-452D02E23979} = {BC213102-22F5-43EF-837A-FB77C2F0FBE9}
		{963D9410-B567-468B-8E77-59A80DF8A519} = {2B53A2BB-3CE9-499B-BE31-D22696440C05}
		{6ACF7521-3906-4499-AFD8-DCDF72350A93} = {CA5E984A-4AFF-48B8-A8D4-DD251F42C3FD}
		{C9F9A219-C0B5-4574-85F0-C71D08256B61} = {1807919C-B8A7-42E8-8096-7FB704F386D1}
	EndGlobalSection
	GlobalSection(ExtensibilityGlobals) = postSolution
		SolutionGuid = {ECC6515E-5F2F-4B24-BDD1-07346616045E}
	EndGlobalSection
EndGlobal
